
Microsoft Visual Studio Solution File, Format Version 12.00
# Visual Studio Version 17
VisualStudioVersion = 17.8.34330.188
MinimumVisualStudioVersion = 10.0.40219.1
Project("{9A19103F-16F7-4668-BE54-9A1E7A4F7556}") = "Backend", "Backend.csproj", "{9EAC7C66-BD1D-400F-8CB4-4A51D1417B4F}"
EndProject
Project("{9A19103F-16F7-4668-BE54-9A1E7A4F7556}") = "Library", "..\ShoeStoreClassesLibrary\Library.csproj", "{44791CC2-1994-47D2-A794-6F842E165BF5}"
EndProject
Project("{2150E333-8FDC-42A3-9474-1A3956D46DE8}") = "Solution Items", "Solution Items", "{242A549C-6FE9-4A58-A8D6-C87BB1BC57A9}"
	ProjectSection(SolutionItems) = preProject
		.editorconfig = .editorconfig
	EndProjectSection
EndProject
Project("{FAE04EC0-301F-11D3-BF4B-00C04F79EFBC}") = "Frontend", "..\Frontend\Frontend.csproj", "{37FCC183-222F-4CCA-BEF6-CB603FDE109A}"
EndProject
Global
	GlobalSection(SolutionConfigurationPlatforms) = preSolution
		Debug|Any CPU = Debug|Any CPU
		Release|Any CPU = Release|Any CPU
	EndGlobalSection
	GlobalSection(ProjectConfigurationPlatforms) = postSolution
		{9EAC7C66-BD1D-400F-8CB4-4A51D1417B4F}.Debug|Any CPU.ActiveCfg = Debug|Any CPU
		{9EAC7C66-BD1D-400F-8CB4-4A51D1417B4F}.Debug|Any CPU.Build.0 = Debug|Any CPU
		{9EAC7C66-BD1D-400F-8CB4-4A51D1417B4F}.Release|Any CPU.ActiveCfg = Release|Any CPU
		{9EAC7C66-BD1D-400F-8CB4-4A51D1417B4F}.Release|Any CPU.Build.0 = Release|Any CPU
		{44791CC2-1994-47D2-A794-6F842E165BF5}.Debug|Any CPU.ActiveCfg = Debug|Any CPU
		{44791CC2-1994-47D2-A794-6F842E165BF5}.Debug|Any CPU.Build.0 = Debug|Any CPU
		{44791CC2-1994-47D2-A794-6F842E165BF5}.Release|Any CPU.ActiveCfg = Release|Any CPU
		{44791CC2-1994-47D2-A794-6F842E165BF5}.Release|Any CPU.Build.0 = Release|Any CPU
		{37FCC183-222F-4CCA-BEF6-CB603FDE109A}.Debug|Any CPU.ActiveCfg = Debug|Any CPU
		{37FCC183-222F-4CCA-BEF6-CB603FDE109A}.Debug|Any CPU.Build.0 = Debug|Any CPU
		{37FCC183-222F-4CCA-BEF6-CB603FDE109A}.Release|Any CPU.ActiveCfg = Release|Any CPU
		{37FCC183-222F-4CCA-BEF6-CB603FDE109A}.Release|Any CPU.Build.0 = Release|Any CPU
	EndGlobalSection
	GlobalSection(SolutionProperties) = preSolution
		HideSolutionNode = FALSE
	EndGlobalSection
	GlobalSection(ExtensibilityGlobals) = postSolution
		SolutionGuid = {F6438B46-EDAC-429C-B985-7ADAC04547F7}
	EndGlobalSection
EndGlobal
