
Microsoft Visual Studio Solution File, Format Version 12.00
# Visual Studio Version 17
VisualStudioVersion = 17.8.34330.188
MinimumVisualStudioVersion = 10.0.40219.1
Project("{FAE04EC0-301F-11D3-BF4B-00C04F79EFBC}") = "ShoeStoreBackend", "ShoeStoreBackend.csproj", "{9EAC7C66-BD1D-400F-8CB4-4A51D1417B4F}"
EndProject
Project("{9A19103F-16F7-4668-BE54-9A1E7A4F7556}") = "ShoeStoreClassesLibrary", "..\ShoeStoreClassesLibrary\ShoeStoreClassesLibrary.csproj", "{44791CC2-1994-47D2-A794-6F842E165BF5}"
EndProject
Global
	GlobalSection(SolutionConfigurationPlatforms) = preSolution
		Debug|Any CPU = Debug|Any CPU
		Release|Any CPU = Release|Any CPU
	EndGlobalSection
	GlobalSection(ProjectConfigurationPlatforms) = postSolution
		{9EAC7C66-BD1D-400F-8CB4-4A51D1417B4F}.Debug|Any CPU.ActiveCfg = Debug|Any CPU
		{9EAC7C66-BD1D-400F-8CB4-4A51D1417B4F}.Debug|Any CPU.Build.0 = Debug|Any CPU
		{9EAC7C66-BD1D-400F-8CB4-4A51D1417B4F}.Release|Any CPU.ActiveCfg = Release|Any CPU
		{9EAC7C66-BD1D-400F-8CB4-4A51D1417B4F}.Release|Any CPU.Build.0 = Release|Any CPU
		{44791CC2-1994-47D2-A794-6F842E165BF5}.Debug|Any CPU.ActiveCfg = Debug|Any CPU
		{44791CC2-1994-47D2-A794-6F842E165BF5}.Debug|Any CPU.Build.0 = Debug|Any CPU
		{44791CC2-1994-47D2-A794-6F842E165BF5}.Release|Any CPU.ActiveCfg = Release|Any CPU
		{44791CC2-1994-47D2-A794-6F842E165BF5}.Release|Any CPU.Build.0 = Release|Any CPU
	EndGlobalSection
	GlobalSection(SolutionProperties) = preSolution
		HideSolutionNode = FALSE
	EndGlobalSection
	GlobalSection(ExtensibilityGlobals) = postSolution
		SolutionGuid = {F6438B46-EDAC-429C-B985-7ADAC04547F7}
	EndGlobalSection
EndGlobal
